# @generated by Move, please check-in and do not edit manually.

[move]
version = 3
manifest_digest = "5779F387ABC20D9D9278E7193268A22F4BEEF7718C3E0880B25449A9867CB284"
deps_digest = "F8BBB0CCB2491CA29A3DF03D6F92277A4F3574266507ACD77214D37ECA3F3082"
dependencies = [
  { id = "One", name = "One" },
]

[[move.package]]
id = "MoveStdlib"
source = { git = "https://github.com/one-chain-labs/onechain.git", rev = "main", subdir = "crates/sui-framework/packages/move-stdlib" }

[[move.package]]
id = "One"
source = { git = "https://github.com/one-chain-labs/onechain.git", rev = "main", subdir = "crates/sui-framework/packages/one-framework" }

dependencies = [
  { id = "MoveStdlib", name = "MoveStdlib" },
]

[move.toolchain-version]
compiler-version = "1.0.1"
edition = "2024.beta"
flavor = "one"

[env]

[env.testnet]
chain-id = "1bd5c965"
original-published-id = "0x9d3d2c56c66134068a6be7ded289cf1915939f0b65a46483d3414a6da5f3ef89"
latest-published-id = "0x9d3d2c56c66134068a6be7ded289cf1915939f0b65a46483d3414a6da5f3ef89"
published-version = "1"
